
Microsoft Visual Studio Solution File, Format Version 12.00
# Visual Studio 15
VisualStudioVersion = 15.0.26124.0
MinimumVisualStudioVersion = 15.0.26124.0
Project("{2150E333-8FDC-42A3-9474-1A3956D46DE8}") = "src", "src", "{18B4783B-3843-499D-A859-58A1DE4FAE73}"
EndProject
Project("{FAE04EC0-301F-11D3-BF4B-00C04F79EFBC}") = "HelloWorld", "src\HelloWorld\HelloWorld.csproj", "{66CDE318-50AB-4E9C-9B86-333C2B60DD06}"
EndProject
Project("{2150E333-8FDC-42A3-9474-1A3956D46DE8}") = "test", "test", "{091D1EEA-2A1E-42B5-9A58-80DDD7DAF30C}"
EndProject
Project("{FAE04EC0-301F-11D3-BF4B-00C04F79EFBC}") = "HelloWorldTests", "test\HelloWorldTests\HelloWorldTests.csproj", "{1395BCC9-5D40-4E91-8107-E30AC8F1C150}"
EndProject
Project("{2150E333-8FDC-42A3-9474-1A3956D46DE8}") = "integration", "integration", "{17973834-9DA4-4BC7-8277-7A807392E85D}"
EndProject
Project("{FAE04EC0-301F-11D3-BF4B-00C04F79EFBC}") = "HelloWorldTest", "integration\HelloWorldTest\HelloWorldTest.csproj", "{E8E29968-DADE-44F7-A802-1BEB91AFAA4E}"
EndProject
Global
	GlobalSection(SolutionConfigurationPlatforms) = preSolution
		Debug|Any CPU = Debug|Any CPU
		Debug|x64 = Debug|x64
		Debug|x86 = Debug|x86
		Release|Any CPU = Release|Any CPU
		Release|x64 = Release|x64
		Release|x86 = Release|x86
	EndGlobalSection
	GlobalSection(SolutionProperties) = preSolution
		HideSolutionNode = FALSE
	EndGlobalSection
	GlobalSection(ProjectConfigurationPlatforms) = postSolution
		{66CDE318-50AB-4E9C-9B86-333C2B60DD06}.Debug|Any CPU.ActiveCfg = Debug|Any CPU
		{66CDE318-50AB-4E9C-9B86-333C2B60DD06}.Debug|Any CPU.Build.0 = Debug|Any CPU
		{66CDE318-50AB-4E9C-9B86-333C2B60DD06}.Debug|x64.ActiveCfg = Debug|Any CPU
		{66CDE318-50AB-4E9C-9B86-333C2B60DD06}.Debug|x64.Build.0 = Debug|Any CPU
		{66CDE318-50AB-4E9C-9B86-333C2B60DD06}.Debug|x86.ActiveCfg = Debug|Any CPU
		{66CDE318-50AB-4E9C-9B86-333C2B60DD06}.Debug|x86.Build.0 = Debug|Any CPU
		{66CDE318-50AB-4E9C-9B86-333C2B60DD06}.Release|Any CPU.ActiveCfg = Release|Any CPU
		{66CDE318-50AB-4E9C-9B86-333C2B60DD06}.Release|Any CPU.Build.0 = Release|Any CPU
		{66CDE318-50AB-4E9C-9B86-333C2B60DD06}.Release|x64.ActiveCfg = Release|Any CPU
		{66CDE318-50AB-4E9C-9B86-333C2B60DD06}.Release|x64.Build.0 = Release|Any CPU
		{66CDE318-50AB-4E9C-9B86-333C2B60DD06}.Release|x86.ActiveCfg = Release|Any CPU
		{66CDE318-50AB-4E9C-9B86-333C2B60DD06}.Release|x86.Build.0 = Release|Any CPU
		{1395BCC9-5D40-4E91-8107-E30AC8F1C150}.Debug|Any CPU.ActiveCfg = Debug|Any CPU
		{1395BCC9-5D40-4E91-8107-E30AC8F1C150}.Debug|Any CPU.Build.0 = Debug|Any CPU
		{1395BCC9-5D40-4E91-8107-E30AC8F1C150}.Debug|x64.ActiveCfg = Debug|Any CPU
		{1395BCC9-5D40-4E91-8107-E30AC8F1C150}.Debug|x64.Build.0 = Debug|Any CPU
		{1395BCC9-5D40-4E91-8107-E30AC8F1C150}.Debug|x86.ActiveCfg = Debug|Any CPU
		{1395BCC9-5D40-4E91-8107-E30AC8F1C150}.Debug|x86.Build.0 = Debug|Any CPU
		{1395BCC9-5D40-4E91-8107-E30AC8F1C150}.Release|Any CPU.ActiveCfg = Release|Any CPU
		{1395BCC9-5D40-4E91-8107-E30AC8F1C150}.Release|Any CPU.Build.0 = Release|Any CPU
		{1395BCC9-5D40-4E91-8107-E30AC8F1C150}.Release|x64.ActiveCfg = Release|Any CPU
		{1395BCC9-5D40-4E91-8107-E30AC8F1C150}.Release|x64.Build.0 = Release|Any CPU
		{1395BCC9-5D40-4E91-8107-E30AC8F1C150}.Release|x86.ActiveCfg = Release|Any CPU
		{1395BCC9-5D40-4E91-8107-E30AC8F1C150}.Release|x86.Build.0 = Release|Any CPU
		{E8E29968-DADE-44F7-A802-1BEB91AFAA4E}.Debug|Any CPU.ActiveCfg = Debug|Any CPU
		{E8E29968-DADE-44F7-A802-1BEB91AFAA4E}.Debug|Any CPU.Build.0 = Debug|Any CPU
		{E8E29968-DADE-44F7-A802-1BEB91AFAA4E}.Debug|x64.ActiveCfg = Debug|Any CPU
		{E8E29968-DADE-44F7-A802-1BEB91AFAA4E}.Debug|x64.Build.0 = Debug|Any CPU
		{E8E29968-DADE-44F7-A802-1BEB91AFAA4E}.Debug|x86.ActiveCfg = Debug|Any CPU
		{E8E29968-DADE-44F7-A802-1BEB91AFAA4E}.Debug|x86.Build.0 = Debug|Any CPU
		{E8E29968-DADE-44F7-A802-1BEB91AFAA4E}.Release|Any CPU.ActiveCfg = Release|Any CPU
		{E8E29968-DADE-44F7-A802-1BEB91AFAA4E}.Release|Any CPU.Build.0 = Release|Any CPU
		{E8E29968-DADE-44F7-A802-1BEB91AFAA4E}.Release|x64.ActiveCfg = Release|Any CPU
		{E8E29968-DADE-44F7-A802-1BEB91AFAA4E}.Release|x64.Build.0 = Release|Any CPU
		{E8E29968-DADE-44F7-A802-1BEB91AFAA4E}.Release|x86.ActiveCfg = Release|Any CPU
		{E8E29968-DADE-44F7-A802-1BEB91AFAA4E}.Release|x86.Build.0 = Release|Any CPU
	EndGlobalSection
	GlobalSection(NestedProjects) = preSolution
		{66CDE318-50AB-4E9C-9B86-333C2B60DD06} = {18B4783B-3843-499D-A859-58A1DE4FAE73}
		{1395BCC9-5D40-4E91-8107-E30AC8F1C150} = {091D1EEA-2A1E-42B5-9A58-80DDD7DAF30C}
		{E8E29968-DADE-44F7-A802-1BEB91AFAA4E} = {17973834-9DA4-4BC7-8277-7A807392E85D}
	EndGlobalSection
EndGlobal
