
Microsoft Visual Studio Solution File, Format Version 12.00
# Visual Studio 15
VisualStudioVersion = 15.0.26124.0
MinimumVisualStudioVersion = 15.0.26124.0
Project("{2150E333-8FDC-42A3-9474-1A3956D46DE8}") = "src", "src", "{2357BDFA-D8EB-44E8-AC9C-9FD39711FFCB}"
EndProject
Project("{FAE04EC0-301F-11D3-BF4B-00C04F79EFBC}") = "AltitudeAngel", "src\AltitudeAngel\AltitudeAngel.csproj", "{8F571925-6833-43BA-838F-D3517B876EB7}"
EndProject
Project("{2150E333-8FDC-42A3-9474-1A3956D46DE8}") = "test", "test", "{C67788C9-FD8F-49D6-957F-6445B7E3E613}"
EndProject
Project("{FAE04EC0-301F-11D3-BF4B-00C04F79EFBC}") = "AltitudeAngelTest", "test\AltitudeAngelTest\AltitudeAngelTest.csproj", "{B6112A5B-F294-471B-8EAA-22E82D06920B}"
EndProject
Global
	GlobalSection(SolutionConfigurationPlatforms) = preSolution
		Debug|Any CPU = Debug|Any CPU
		Debug|x64 = Debug|x64
		Debug|x86 = Debug|x86
		Release|Any CPU = Release|Any CPU
		Release|x64 = Release|x64
		Release|x86 = Release|x86
	EndGlobalSection
	GlobalSection(SolutionProperties) = preSolution
		HideSolutionNode = FALSE
	EndGlobalSection
	GlobalSection(ProjectConfigurationPlatforms) = postSolution
		{8F571925-6833-43BA-838F-D3517B876EB7}.Debug|Any CPU.ActiveCfg = Debug|Any CPU
		{8F571925-6833-43BA-838F-D3517B876EB7}.Debug|Any CPU.Build.0 = Debug|Any CPU
		{8F571925-6833-43BA-838F-D3517B876EB7}.Debug|x64.ActiveCfg = Debug|Any CPU
		{8F571925-6833-43BA-838F-D3517B876EB7}.Debug|x64.Build.0 = Debug|Any CPU
		{8F571925-6833-43BA-838F-D3517B876EB7}.Debug|x86.ActiveCfg = Debug|Any CPU
		{8F571925-6833-43BA-838F-D3517B876EB7}.Debug|x86.Build.0 = Debug|Any CPU
		{8F571925-6833-43BA-838F-D3517B876EB7}.Release|Any CPU.ActiveCfg = Release|Any CPU
		{8F571925-6833-43BA-838F-D3517B876EB7}.Release|Any CPU.Build.0 = Release|Any CPU
		{8F571925-6833-43BA-838F-D3517B876EB7}.Release|x64.ActiveCfg = Release|Any CPU
		{8F571925-6833-43BA-838F-D3517B876EB7}.Release|x64.Build.0 = Release|Any CPU
		{8F571925-6833-43BA-838F-D3517B876EB7}.Release|x86.ActiveCfg = Release|Any CPU
		{8F571925-6833-43BA-838F-D3517B876EB7}.Release|x86.Build.0 = Release|Any CPU
		{B6112A5B-F294-471B-8EAA-22E82D06920B}.Debug|Any CPU.ActiveCfg = Debug|Any CPU
		{B6112A5B-F294-471B-8EAA-22E82D06920B}.Debug|Any CPU.Build.0 = Debug|Any CPU
		{B6112A5B-F294-471B-8EAA-22E82D06920B}.Debug|x64.ActiveCfg = Debug|Any CPU
		{B6112A5B-F294-471B-8EAA-22E82D06920B}.Debug|x64.Build.0 = Debug|Any CPU
		{B6112A5B-F294-471B-8EAA-22E82D06920B}.Debug|x86.ActiveCfg = Debug|Any CPU
		{B6112A5B-F294-471B-8EAA-22E82D06920B}.Debug|x86.Build.0 = Debug|Any CPU
		{B6112A5B-F294-471B-8EAA-22E82D06920B}.Release|Any CPU.ActiveCfg = Release|Any CPU
		{B6112A5B-F294-471B-8EAA-22E82D06920B}.Release|Any CPU.Build.0 = Release|Any CPU
		{B6112A5B-F294-471B-8EAA-22E82D06920B}.Release|x64.ActiveCfg = Release|Any CPU
		{B6112A5B-F294-471B-8EAA-22E82D06920B}.Release|x64.Build.0 = Release|Any CPU
		{B6112A5B-F294-471B-8EAA-22E82D06920B}.Release|x86.ActiveCfg = Release|Any CPU
		{B6112A5B-F294-471B-8EAA-22E82D06920B}.Release|x86.Build.0 = Release|Any CPU
	EndGlobalSection
	GlobalSection(NestedProjects) = preSolution
		{8F571925-6833-43BA-838F-D3517B876EB7} = {2357BDFA-D8EB-44E8-AC9C-9FD39711FFCB}
		{B6112A5B-F294-471B-8EAA-22E82D06920B} = {C67788C9-FD8F-49D6-957F-6445B7E3E613}
	EndGlobalSection
EndGlobal
